
Microsoft Visual Studio Solution File, Format Version 12.00
# Visual Studio Version 16
VisualStudioVersion = 16.0.29411.108
MinimumVisualStudioVersion = 10.0.40219.1
Project("{FAE04EC0-301F-11D3-BF4B-00C04F79EFBC}") = "YMS-5570_LinQtoNorthwind", "YMS-5570_LinQtoNorthwind\YMS-5570_LinQtoNorthwind.csproj", "{1A3F0873-FD37-453F-BCBB-4FE106077556}"
EndProject
Global
	GlobalSection(SolutionConfigurationPlatforms) = preSolution
		Debug|Any CPU = Debug|Any CPU
		Release|Any CPU = Release|Any CPU
	EndGlobalSection
	GlobalSection(ProjectConfigurationPlatforms) = postSolution
		{1A3F0873-FD37-453F-BCBB-4FE106077556}.Debug|Any CPU.ActiveCfg = Debug|Any CPU
		{1A3F0873-FD37-453F-BCBB-4FE106077556}.Debug|Any CPU.Build.0 = Debug|Any CPU
		{1A3F0873-FD37-453F-BCBB-4FE106077556}.Release|Any CPU.ActiveCfg = Release|Any CPU
		{1A3F0873-FD37-453F-BCBB-4FE106077556}.Release|Any CPU.Build.0 = Release|Any CPU
	EndGlobalSection
	GlobalSection(SolutionProperties) = preSolution
		HideSolutionNode = FALSE
	EndGlobalSection
	GlobalSection(ExtensibilityGlobals) = postSolution
		SolutionGuid = {36E2969E-1C24-4923-949C-AC4A1BA95823}
	EndGlobalSection
EndGlobal
